
Microsoft Visual Studio Solution File, Format Version 12.00
# Visual Studio Version 17
VisualStudioVersion = 17.13.35818.85 d17.13
MinimumVisualStudioVersion = 10.0.40219.1
Project("{FAE04EC0-301F-11D3-BF4B-00C04F79EFBC}") = "MobileClient", "MobileClient.csproj", "{B3C73D6D-9B6F-2C32-EABE-974ACBA5839C}"
EndProject
Project("{FAE04EC0-301F-11D3-BF4B-00C04F79EFBC}") = "MobileClient.Android", "..\MobileClient.Android\MobileClient.Android.csproj", "{C2E65BC5-67D4-B44A-1A43-13681E6240CA}"
EndProject
Project("{FAE04EC0-301F-11D3-BF4B-00C04F79EFBC}") = "MobileClient.iOS", "..\MobileClient.iOS\MobileClient.iOS.csproj", "{FEBB4289-F01C-7D45-F264-C428D56A293D}"
EndProject
Global
	GlobalSection(SolutionConfigurationPlatforms) = preSolution
		Debug|Any CPU = Debug|Any CPU
		Release|Any CPU = Release|Any CPU
	EndGlobalSection
	GlobalSection(ProjectConfigurationPlatforms) = postSolution
		{B3C73D6D-9B6F-2C32-EABE-974ACBA5839C}.Debug|Any CPU.ActiveCfg = Debug|Any CPU
		{B3C73D6D-9B6F-2C32-EABE-974ACBA5839C}.Debug|Any CPU.Build.0 = Debug|Any CPU
		{B3C73D6D-9B6F-2C32-EABE-974ACBA5839C}.Release|Any CPU.ActiveCfg = Release|Any CPU
		{B3C73D6D-9B6F-2C32-EABE-974ACBA5839C}.Release|Any CPU.Build.0 = Release|Any CPU
		{C2E65BC5-67D4-B44A-1A43-13681E6240CA}.Debug|Any CPU.ActiveCfg = Debug|Any CPU
		{C2E65BC5-67D4-B44A-1A43-13681E6240CA}.Debug|Any CPU.Build.0 = Debug|Any CPU
		{C2E65BC5-67D4-B44A-1A43-13681E6240CA}.Debug|Any CPU.Deploy.0 = Debug|Any CPU
		{C2E65BC5-67D4-B44A-1A43-13681E6240CA}.Release|Any CPU.ActiveCfg = Release|Any CPU
		{C2E65BC5-67D4-B44A-1A43-13681E6240CA}.Release|Any CPU.Build.0 = Release|Any CPU
		{C2E65BC5-67D4-B44A-1A43-13681E6240CA}.Release|Any CPU.Deploy.0 = Release|Any CPU
		{FEBB4289-F01C-7D45-F264-C428D56A293D}.Debug|Any CPU.ActiveCfg = Debug|Any CPU
		{FEBB4289-F01C-7D45-F264-C428D56A293D}.Debug|Any CPU.Build.0 = Debug|Any CPU
		{FEBB4289-F01C-7D45-F264-C428D56A293D}.Debug|Any CPU.Deploy.0 = Debug|Any CPU
		{FEBB4289-F01C-7D45-F264-C428D56A293D}.Release|Any CPU.ActiveCfg = Release|Any CPU
		{FEBB4289-F01C-7D45-F264-C428D56A293D}.Release|Any CPU.Build.0 = Release|Any CPU
		{FEBB4289-F01C-7D45-F264-C428D56A293D}.Release|Any CPU.Deploy.0 = Release|Any CPU
	EndGlobalSection
	GlobalSection(SolutionProperties) = preSolution
		HideSolutionNode = FALSE
	EndGlobalSection
	GlobalSection(ExtensibilityGlobals) = postSolution
		SolutionGuid = {309E6591-F500-4B70-9747-8D17777C8BB6}
	EndGlobalSection
EndGlobal
