
Microsoft Visual Studio Solution File, Format Version 12.00
# Visual Studio Version 17
VisualStudioVersion = 17.13.35818.85 d17.13
MinimumVisualStudioVersion = 10.0.40219.1
Project("{FAE04EC0-301F-11D3-BF4B-00C04F79EFBC}") = "ApiGateway", "ApiGateway.csproj", "{6BF50863-89B9-4EF0-826B-81BE5F98E69C}"
EndProject
Global
	GlobalSection(SolutionConfigurationPlatforms) = preSolution
		Debug|Any CPU = Debug|Any CPU
		Release|Any CPU = Release|Any CPU
	EndGlobalSection
	GlobalSection(ProjectConfigurationPlatforms) = postSolution
		{6BF50863-89B9-4EF0-826B-81BE5F98E69C}.Debug|Any CPU.ActiveCfg = Debug|Any CPU
		{6BF50863-89B9-4EF0-826B-81BE5F98E69C}.Debug|Any CPU.Build.0 = Debug|Any CPU
		{6BF50863-89B9-4EF0-826B-81BE5F98E69C}.Release|Any CPU.ActiveCfg = Release|Any CPU
		{6BF50863-89B9-4EF0-826B-81BE5F98E69C}.Release|Any CPU.Build.0 = Release|Any CPU
	EndGlobalSection
	GlobalSection(SolutionProperties) = preSolution
		HideSolutionNode = FALSE
	EndGlobalSection
	GlobalSection(ExtensibilityGlobals) = postSolution
		SolutionGuid = {91A8C445-1706-48B5-9DC6-68414943B5A3}
	EndGlobalSection
EndGlobal
